// !$*UTF8*$!
{
	archiveVersion = 1;
	classes = {
	};
	objectVersion = 56;
	objects = {

/* Begin PBXBuildFile section */
		366543A0297048D30034F255 /* AppDelegate.swift in Sources */ = {isa = PBXBuildFile; fileRef = 3665439F297048D30034F255 /* AppDelegate.swift */; };
		366543A2297048D30034F255 /* SceneDelegate.swift in Sources */ = {isa = PBXBuildFile; fileRef = 366543A1297048D30034F255 /* SceneDelegate.swift */; };
		366543A4297048D30034F255 /* AccessSpecifier.swift in Sources */ = {isa = PBXBuildFile; fileRef = 366543A3297048D30034F255 /* AccessSpecifier.swift */; };
		366543A7297048D30034F255 /* Main.storyboard in Resources */ = {isa = PBXBuildFile; fileRef = 366543A5297048D30034F255 /* Main.storyboard */; };
		366543A9297048D60034F255 /* Assets.xcassets in Resources */ = {isa = PBXBuildFile; fileRef = 366543A8297048D60034F255 /* Assets.xcassets */; };
		366543AC297048D60034F255 /* LaunchScreen.storyboard in Resources */ = {isa = PBXBuildFile; fileRef = 366543AA297048D60034F255 /* LaunchScreen.storyboard */; };
		36F2E8B129827D2100CE5811 /* AccessSpecifier+Extension.swift in Sources */ = {isa = PBXBuildFile; fileRef = 36F2E8B029827D2100CE5811 /* AccessSpecifier+Extension.swift */; };
		36F2E8EA2982B4CE00CE5811 /* Framework.framework in Frameworks */ = {isa = PBXBuildFile; fileRef = 36F2E8E92982B49500CE5811 /* Framework.framework */; };
		36F2E8EB2982B4CE00CE5811 /* Framework.framework in Embed Frameworks */ = {isa = PBXBuildFile; fileRef = 36F2E8E92982B49500CE5811 /* Framework.framework */; settings = {ATTRIBUTES = (CodeSignOnCopy, RemoveHeadersOnCopy, ); }; };
/* End PBXBuildFile section */

/* Begin PBXContainerItemProxy section */
		36F2E8E82982B49500CE5811 /* PBXContainerItemProxy */ = {
			isa = PBXContainerItemProxy;
			containerPortal = 36F2E8E42982B49500CE5811 /* Framework.xcodeproj */;
			proxyType = 2;
			remoteGlobalIDString = 36F2E8CD2982B2A900CE5811;
			remoteInfo = Framework;
		};
/* End PBXContainerItemProxy section */

/* Begin PBXCopyFilesBuildPhase section */
		366543EC29704B0C0034F255 /* Embed Frameworks */ = {
			isa = PBXCopyFilesBuildPhase;
			buildActionMask = 2147483647;
			dstPath = "";
			dstSubfolderSpec = 10;
			files = (
				36F2E8EB2982B4CE00CE5811 /* Framework.framework in Embed Frameworks */,
			);
			name = "Embed Frameworks";
			runOnlyForDeploymentPostprocessing = 0;
		};
/* End PBXCopyFilesBuildPhase section */

/* Begin PBXFileReference section */
		3665439C297048D30034F255 /* AccessControl.app */ = {isa = PBXFileReference; explicitFileType = wrapper.application; includeInIndex = 0; path = AccessControl.app; sourceTree = BUILT_PRODUCTS_DIR; };
		3665439F297048D30034F255 /* AppDelegate.swift */ = {isa = PBXFileReference; lastKnownFileType = sourcecode.swift; path = AppDelegate.swift; sourceTree = "<group>"; };
		366543A1297048D30034F255 /* SceneDelegate.swift */ = {isa = PBXFileReference; lastKnownFileType = sourcecode.swift; path = SceneDelegate.swift; sourceTree = "<group>"; };
		366543A3297048D30034F255 /* AccessSpecifier.swift */ = {isa = PBXFileReference; lastKnownFileType = sourcecode.swift; path = AccessSpecifier.swift; sourceTree = "<group>"; };
		366543A6297048D30034F255 /* Base */ = {isa = PBXFileReference; lastKnownFileType = file.storyboard; name = Base; path = Base.lproj/Main.storyboard; sourceTree = "<group>"; };
		366543A8297048D60034F255 /* Assets.xcassets */ = {isa = PBXFileReference; lastKnownFileType = folder.assetcatalog; path = Assets.xcassets; sourceTree = "<group>"; };
		366543AB297048D60034F255 /* Base */ = {isa = PBXFileReference; lastKnownFileType = file.storyboard; name = Base; path = Base.lproj/LaunchScreen.storyboard; sourceTree = "<group>"; };
		366543AD297048D60034F255 /* Info.plist */ = {isa = PBXFileReference; lastKnownFileType = text.plist.xml; path = Info.plist; sourceTree = "<group>"; };
		36F2E8B029827D2100CE5811 /* AccessSpecifier+Extension.swift */ = {isa = PBXFileReference; lastKnownFileType = sourcecode.swift; path = "AccessSpecifier+Extension.swift"; sourceTree = "<group>"; };
		36F2E8E42982B49500CE5811 /* Framework.xcodeproj */ = {isa = PBXFileReference; lastKnownFileType = "wrapper.pb-project"; name = Framework.xcodeproj; path = ../../Framework/Framework.xcodeproj; sourceTree = "<group>"; };
/* End PBXFileReference section */

/* Begin PBXFrameworksBuildPhase section */
		36654399297048D30034F255 /* Frameworks */ = {
			isa = PBXFrameworksBuildPhase;
			buildActionMask = 2147483647;
			files = (
				36F2E8EA2982B4CE00CE5811 /* Framework.framework in Frameworks */,
			);
			runOnlyForDeploymentPostprocessing = 0;
		};
/* End PBXFrameworksBuildPhase section */

/* Begin PBXGroup section */
		36654393297048D30034F255 = {
			isa = PBXGroup;
			children = (
				3665439E297048D30034F255 /* AccessControl */,
				3665439D297048D30034F255 /* Products */,
				366543E929704B0C0034F255 /* Frameworks */,
			);
			sourceTree = "<group>";
		};
		3665439D297048D30034F255 /* Products */ = {
			isa = PBXGroup;
			children = (
				3665439C297048D30034F255 /* AccessControl.app */,
			);
			name = Products;
			sourceTree = "<group>";
		};
		3665439E297048D30034F255 /* AccessControl */ = {
			isa = PBXGroup;
			children = (
				36F2E8E42982B49500CE5811 /* Framework.xcodeproj */,
				3665439F297048D30034F255 /* AppDelegate.swift */,
				366543A1297048D30034F255 /* SceneDelegate.swift */,
				366543A5297048D30034F255 /* Main.storyboard */,
				366543A8297048D60034F255 /* Assets.xcassets */,
				366543A3297048D30034F255 /* AccessSpecifier.swift */,
				36F2E8B029827D2100CE5811 /* AccessSpecifier+Extension.swift */,
				366543AA297048D60034F255 /* LaunchScreen.storyboard */,
				366543AD297048D60034F255 /* Info.plist */,
			);
			path = AccessControl;
			sourceTree = "<group>";
		};
		366543E929704B0C0034F255 /* Frameworks */ = {
			isa = PBXGroup;
			children = (
			);
			name = Frameworks;
			sourceTree = "<group>";
		};
		36F2E8E52982B49500CE5811 /* Products */ = {
			isa = PBXGroup;
			children = (
				36F2E8E92982B49500CE5811 /* Framework.framework */,
			);
			name = Products;
			sourceTree = "<group>";
		};
/* End PBXGroup section */

/* Begin PBXNativeTarget section */
		3665439B297048D30034F255 /* AccessControl */ = {
			isa = PBXNativeTarget;
			buildConfigurationList = 366543C6297048D70034F255 /* Build configuration list for PBXNativeTarget "AccessControl" */;
			buildPhases = (
				36654398297048D30034F255 /* Sources */,
				36654399297048D30034F255 /* Frameworks */,
				3665439A297048D30034F255 /* Resources */,
				366543EC29704B0C0034F255 /* Embed Frameworks */,
			);
			buildRules = (
			);
			dependencies = (
			);
			name = AccessControl;
			productName = AccessControl;
			productReference = 3665439C297048D30034F255 /* AccessControl.app */;
			productType = "com.apple.product-type.application";
		};
/* End PBXNativeTarget section */

/* Begin PBXProject section */
		36654394297048D30034F255 /* Project object */ = {
			isa = PBXProject;
			attributes = {
				BuildIndependentTargetsInParallel = 1;
				LastSwiftUpdateCheck = 1420;
				LastUpgradeCheck = 1420;
				TargetAttributes = {
					3665439B297048D30034F255 = {
						CreatedOnToolsVersion = 14.2;
					};
				};
			};
			buildConfigurationList = 36654397297048D30034F255 /* Build configuration list for PBXProject "AccessControl" */;
			compatibilityVersion = "Xcode 14.0";
			developmentRegion = en;
			hasScannedForEncodings = 0;
			knownRegions = (
				en,
				Base,
			);
			mainGroup = 36654393297048D30034F255;
			productRefGroup = 3665439D297048D30034F255 /* Products */;
			projectDirPath = "";
			projectReferences = (
				{
					ProductGroup = 36F2E8E52982B49500CE5811 /* Products */;
					ProjectRef = 36F2E8E42982B49500CE5811 /* Framework.xcodeproj */;
				},
			);
			projectRoot = "";
			targets = (
				3665439B297048D30034F255 /* AccessControl */,
			);
		};
/* End PBXProject section */

/* Begin PBXReferenceProxy section */
		36F2E8E92982B49500CE5811 /* Framework.framework */ = {
			isa = PBXReferenceProxy;
			fileType = wrapper.framework;
			path = Framework.framework;
			remoteRef = 36F2E8E82982B49500CE5811 /* PBXContainerItemProxy */;
			sourceTree = BUILT_PRODUCTS_DIR;
		};
/* End PBXReferenceProxy section */

/* Begin PBXResourcesBuildPhase section */
		3665439A297048D30034F255 /* Resources */ = {
			isa = PBXResourcesBuildPhase;
			buildActionMask = 2147483647;
			files = (
				366543AC297048D60034F255 /* LaunchScreen.storyboard in Resources */,
				366543A9297048D60034F255 /* Assets.xcassets in Resources */,
				366543A7297048D30034F255 /* Main.storyboard in Resources */,
			);
			runOnlyForDeploymentPostprocessing = 0;
		};
/* End PBXResourcesBuildPhase section */

/* Begin PBXSourcesBuildPhase section */
		36654398297048D30034F255 /* Sources */ = {
			isa = PBXSourcesBuildPhase;
			buildActionMask = 2147483647;
			files = (
				366543A4297048D30034F255 /* AccessSpecifier.swift in Sources */,
				366543A0297048D30034F255 /* AppDelegate.swift in Sources */,
				36F2E8B129827D2100CE5811 /* AccessSpecifier+Extension.swift in Sources */,
				366543A2297048D30034F255 /* SceneDelegate.swift in Sources */,
			);
			runOnlyForDeploymentPostprocessing = 0;
		};
/* End PBXSourcesBuildPhase section */

/* Begin PBXVariantGroup section */
		366543A5297048D30034F255 /* Main.storyboard */ = {
			isa = PBXVariantGroup;
			children = (
				366543A6297048D30034F255 /* Base */,
			);
			name = Main.storyboard;
			sourceTree = "<group>";
		};
		366543AA297048D60034F255 /* LaunchScreen.storyboard */ = {
			isa = PBXVariantGroup;
			children = (
				366543AB297048D60034F255 /* Base */,
			);
			name = LaunchScreen.storyboard;
			sourceTree = "<group>";
		};
/* End PBXVariantGroup section */

/* Begin XCBuildConfiguration section */
		366543C4297048D70034F255 /* Debug */ = {
			isa = XCBuildConfiguration;
			buildSettings = {
				ALWAYS_SEARCH_USER_PATHS = NO;
				CLANG_ANALYZER_NONNULL = YES;
				CLANG_ANALYZER_NUMBER_OBJECT_CONVERSION = YES_AGGRESSIVE;
				CLANG_CXX_LANGUAGE_STANDARD = "gnu++20";
				CLANG_ENABLE_MODULES = YES;
				CLANG_ENABLE_OBJC_ARC = YES;
				CLANG_ENABLE_OBJC_WEAK = YES;
				CLANG_WARN_BLOCK_CAPTURE_AUTORELEASING = YES;
				CLANG_WARN_BOOL_CONVERSION = YES;
				CLANG_WARN_COMMA = YES;
				CLANG_WARN_CONSTANT_CONVERSION = YES;
				CLANG_WARN_DEPRECATED_OBJC_IMPLEMENTATIONS = YES;
				CLANG_WARN_DIRECT_OBJC_ISA_USAGE = YES_ERROR;
				CLANG_WARN_DOCUMENTATION_COMMENTS = YES;
				CLANG_WARN_EMPTY_BODY = YES;
				CLANG_WARN_ENUM_CONVERSION = YES;
				CLANG_WARN_INFINITE_RECURSION = YES;
				CLANG_WARN_INT_CONVERSION = YES;
				CLANG_WARN_NON_LITERAL_NULL_CONVERSION = YES;
				CLANG_WARN_OBJC_IMPLICIT_RETAIN_SELF = YES;
				CLANG_WARN_OBJC_LITERAL_CONVERSION = YES;
				CLANG_WARN_OBJC_ROOT_CLASS = YES_ERROR;
				CLANG_WARN_QUOTED_INCLUDE_IN_FRAMEWORK_HEADER = YES;
				CLANG_WARN_RANGE_LOOP_ANALYSIS = YES;
				CLANG_WARN_STRICT_PROTOTYPES = YES;
				CLANG_WARN_SUSPICIOUS_MOVE = YES;
				CLANG_WARN_UNGUARDED_AVAILABILITY = YES_AGGRESSIVE;
				CLANG_WARN_UNREACHABLE_CODE = YES;
				CLANG_WARN__DUPLICATE_METHOD_MATCH = YES;
				COPY_PHASE_STRIP = NO;
				DEBUG_INFORMATION_FORMAT = dwarf;
				ENABLE_STRICT_OBJC_MSGSEND = YES;
				ENABLE_TESTABILITY = YES;
				GCC_C_LANGUAGE_STANDARD = gnu11;
				GCC_DYNAMIC_NO_PIC = NO;
				GCC_NO_COMMON_BLOCKS = YES;
				GCC_OPTIMIZATION_LEVEL = 0;
				GCC_PREPROCESSOR_DEFINITIONS = (
					"DEBUG=1",
					"$(inherited)",
				);
				GCC_WARN_64_TO_32_BIT_CONVERSION = YES;
				GCC_WARN_ABOUT_RETURN_TYPE = YES_ERROR;
				GCC_WARN_UNDECLARED_SELECTOR = YES;
				GCC_WARN_UNINITIALIZED_AUTOS = YES_AGGRESSIVE;
				GCC_WARN_UNUSED_FUNCTION = YES;
				GCC_WARN_UNUSED_VARIABLE = YES;
				IPHONEOS_DEPLOYMENT_TARGET = 16.2;
				MTL_ENABLE_DEBUG_INFO = INCLUDE_SOURCE;
				MTL_FAST_MATH = YES;
				ONLY_ACTIVE_ARCH = YES;
				SDKROOT = iphoneos;
				SWIFT_ACTIVE_COMPILATION_CONDITIONS = DEBUG;
				SWIFT_OPTIMIZATION_LEVEL = "-Onone";
			};
			name = Debug;
		};
		366543C5297048D70034F255 /* Release */ = {
			isa = XCBuildConfiguration;
			buildSettings = {
				ALWAYS_SEARCH_USER_PATHS = NO;
				CLANG_ANALYZER_NONNULL = YES;
				CLANG_ANALYZER_NUMBER_OBJECT_CONVERSION = YES_AGGRESSIVE;
				CLANG_CXX_LANGUAGE_STANDARD = "gnu++20";
				CLANG_ENABLE_MODULES = YES;
				CLANG_ENABLE_OBJC_ARC = YES;
				CLANG_ENABLE_OBJC_WEAK = YES;
				CLANG_WARN_BLOCK_CAPTURE_AUTORELEASING = YES;
				CLANG_WARN_BOOL_CONVERSION = YES;
				CLANG_WARN_COMMA = YES;
				CLANG_WARN_CONSTANT_CONVERSION = YES;
				CLANG_WARN_DEPRECATED_OBJC_IMPLEMENTATIONS = YES;
				CLANG_WARN_DIRECT_OBJC_ISA_USAGE = YES_ERROR;
				CLANG_WARN_DOCUMENTATION_COMMENTS = YES;
				CLANG_WARN_EMPTY_BODY = YES;
				CLANG_WARN_ENUM_CONVERSION = YES;
				CLANG_WARN_INFINITE_RECURSION = YES;
				CLANG_WARN_INT_CONVERSION = YES;
				CLANG_WARN_NON_LITERAL_NULL_CONVERSION = YES;
				CLANG_WARN_OBJC_IMPLICIT_RETAIN_SELF = YES;
				CLANG_WARN_OBJC_LITERAL_CONVERSION = YES;
				CLANG_WARN_OBJC_ROOT_CLASS = YES_ERROR;
				CLANG_WARN_QUOTED_INCLUDE_IN_FRAMEWORK_HEADER = YES;
				CLANG_WARN_RANGE_LOOP_ANALYSIS = YES;
				CLANG_WARN_STRICT_PROTOTYPES = YES;
				CLANG_WARN_SUSPICIOUS_MOVE = YES;
				CLANG_WARN_UNGUARDED_AVAILABILITY = YES_AGGRESSIVE;
				CLANG_WARN_UNREACHABLE_CODE = YES;
				CLANG_WARN__DUPLICATE_METHOD_MATCH = YES;
				COPY_PHASE_STRIP = NO;
				DEBUG_INFORMATION_FORMAT = "dwarf-with-dsym";
				ENABLE_NS_ASSERTIONS = NO;
				ENABLE_STRICT_OBJC_MSGSEND = YES;
				GCC_C_LANGUAGE_STANDARD = gnu11;
				GCC_NO_COMMON_BLOCKS = YES;
				GCC_WARN_64_TO_32_BIT_CONVERSION = YES;
				GCC_WARN_ABOUT_RETURN_TYPE = YES_ERROR;
				GCC_WARN_UNDECLARED_SELECTOR = YES;
				GCC_WARN_UNINITIALIZED_AUTOS = YES_AGGRESSIVE;
				GCC_WARN_UNUSED_FUNCTION = YES;
				GCC_WARN_UNUSED_VARIABLE = YES;
				IPHONEOS_DEPLOYMENT_TARGET = 16.2;
				MTL_ENABLE_DEBUG_INFO = NO;
				MTL_FAST_MATH = YES;
				SDKROOT = iphoneos;
				SWIFT_COMPILATION_MODE = wholemodule;
				SWIFT_OPTIMIZATION_LEVEL = "-O";
				VALIDATE_PRODUCT = YES;
			};
			name = Release;
		};
		366543C7297048D70034F255 /* Debug */ = {
			isa = XCBuildConfiguration;
			buildSettings = {
				ASSETCATALOG_COMPILER_APPICON_NAME = AppIcon;
				ASSETCATALOG_COMPILER_GLOBAL_ACCENT_COLOR_NAME = AccentColor;
				CODE_SIGN_STYLE = Automatic;
				CURRENT_PROJECT_VERSION = 1;
				GENERATE_INFOPLIST_FILE = YES;
				INFOPLIST_FILE = AccessControl/Info.plist;
				INFOPLIST_KEY_UIApplicationSupportsIndirectInputEvents = YES;
				INFOPLIST_KEY_UILaunchStoryboardName = LaunchScreen;
				INFOPLIST_KEY_UIMainStoryboardFile = Main;
				INFOPLIST_KEY_UISupportedInterfaceOrientations_iPad = "UIInterfaceOrientationPortrait UIInterfaceOrientationPortraitUpsideDown UIInterfaceOrientationLandscapeLeft UIInterfaceOrientationLandscapeRight";
				INFOPLIST_KEY_UISupportedInterfaceOrientations_iPhone = "UIInterfaceOrientationPortrait UIInterfaceOrientationLandscapeLeft UIInterfaceOrientationLandscapeRight";
				LD_RUNPATH_SEARCH_PATHS = (
					"$(inherited)",
					"@executable_path/Frameworks",
				);
				MARKETING_VERSION = 1.0;
				PRODUCT_BUNDLE_IDENTIFIER = com.codewithanand.SwiftBasic.AccessControl;
				PRODUCT_NAME = "$(TARGET_NAME)";
				SWIFT_EMIT_LOC_STRINGS = YES;
				SWIFT_VERSION = 5.0;
				TARGETED_DEVICE_FAMILY = "1,2";
			};
			name = Debug;
		};
		366543C8297048D70034F255 /* Release */ = {
			isa = XCBuildConfiguration;
			buildSettings = {
				ASSETCATALOG_COMPILER_APPICON_NAME = AppIcon;
				ASSETCATALOG_COMPILER_GLOBAL_ACCENT_COLOR_NAME = AccentColor;
				CODE_SIGN_STYLE = Automatic;
				CURRENT_PROJECT_VERSION = 1;
				GENERATE_INFOPLIST_FILE = YES;
				INFOPLIST_FILE = AccessControl/Info.plist;
				INFOPLIST_KEY_UIApplicationSupportsIndirectInputEvents = YES;
				INFOPLIST_KEY_UILaunchStoryboardName = LaunchScreen;
				INFOPLIST_KEY_UIMainStoryboardFile = Main;
				INFOPLIST_KEY_UISupportedInterfaceOrientations_iPad = "UIInterfaceOrientationPortrait UIInterfaceOrientationPortraitUpsideDown UIInterfaceOrientationLandscapeLeft UIInterfaceOrientationLandscapeRight";
				INFOPLIST_KEY_UISupportedInterfaceOrientations_iPhone = "UIInterfaceOrientationPortrait UIInterfaceOrientationLandscapeLeft UIInterfaceOrientationLandscapeRight";
				LD_RUNPATH_SEARCH_PATHS = (
					"$(inherited)",
					"@executable_path/Frameworks",
				);
				MARKETING_VERSION = 1.0;
				PRODUCT_BUNDLE_IDENTIFIER = com.codewithanand.SwiftBasic.AccessControl;
				PRODUCT_NAME = "$(TARGET_NAME)";
				SWIFT_EMIT_LOC_STRINGS = YES;
				SWIFT_VERSION = 5.0;
				TARGETED_DEVICE_FAMILY = "1,2";
			};
			name = Release;
		};
/* End XCBuildConfiguration section */

/* Begin XCConfigurationList section */
		36654397297048D30034F255 /* Build configuration list for PBXProject "AccessControl" */ = {
			isa = XCConfigurationList;
			buildConfigurations = (
				366543C4297048D70034F255 /* Debug */,
				366543C5297048D70034F255 /* Release */,
			);
			defaultConfigurationIsVisible = 0;
			defaultConfigurationName = Release;
		};
		366543C6297048D70034F255 /* Build configuration list for PBXNativeTarget "AccessControl" */ = {
			isa = XCConfigurationList;
			buildConfigurations = (
				366543C7297048D70034F255 /* Debug */,
				366543C8297048D70034F255 /* Release */,
			);
			defaultConfigurationIsVisible = 0;
			defaultConfigurationName = Release;
		};
/* End XCConfigurationList section */
	};
	rootObject = 36654394297048D30034F255 /* Project object */;
}
